
Microsoft Visual Studio Solution File, Format Version 12.00
# Visual Studio Version 16
VisualStudioVersion = 16.0.29306.81
MinimumVisualStudioVersion = 10.0.40219.1
Project("{FAE04EC0-301F-11D3-BF4B-00C04F79EFBC}") = "FinalWEB", "FinalWEB.csproj", "{392226A2-0997-48B2-B2CF-9E10ABF8CABD}"
EndProject
Global
	GlobalSection(SolutionConfigurationPlatforms) = preSolution
		Debug|Any CPU = Debug|Any CPU
		Release|Any CPU = Release|Any CPU
	EndGlobalSection
	GlobalSection(ProjectConfigurationPlatforms) = postSolution
		{392226A2-0997-48B2-B2CF-9E10ABF8CABD}.Debug|Any CPU.ActiveCfg = Debug|Any CPU
		{392226A2-0997-48B2-B2CF-9E10ABF8CABD}.Debug|Any CPU.Build.0 = Debug|Any CPU
		{392226A2-0997-48B2-B2CF-9E10ABF8CABD}.Release|Any CPU.ActiveCfg = Release|Any CPU
		{392226A2-0997-48B2-B2CF-9E10ABF8CABD}.Release|Any CPU.Build.0 = Release|Any CPU
	EndGlobalSection
	GlobalSection(SolutionProperties) = preSolution
		HideSolutionNode = FALSE
	EndGlobalSection
	GlobalSection(ExtensibilityGlobals) = postSolution
		SolutionGuid = {19DB21FC-91C3-49E0-BA50-AB577B4D8D9F}
	EndGlobalSection
EndGlobal
